{
  "name": "polymer-starter-kit",
  "requires": true,
  "lockfileVersion": 1,
  "dependencies": {
    "@polymer/iron-a11y-announcer": {
      "version": "0.0.3",
      "resolved": "https://registry.npmjs.org/@polymer/iron-a11y-announcer/-/iron-a11y-announcer-0.0.3.tgz",
      "integrity": "sha1-EmI9tMgJ630ATu5kWO8H57VQDnE=",
      "requires": {
        "@polymer/polymer": "1.2.5-npm-test.2"
      }
    },
    "@polymer/iron-fit-behavior": {
      "version": "0.0.3",
      "resolved": "https://registry.npmjs.org/@polymer/iron-fit-behavior/-/iron-fit-behavior-0.0.3.tgz",
      "integrity": "sha1-LYA5nk+r9LdeCBxfgSJO+b+pjUw=",
      "requires": {
        "@polymer/polymer": "1.2.5-npm-test.2"
      }
    },
    "@polymer/iron-overlay-behavior": {
      "version": "0.0.3",
      "resolved": "https://registry.npmjs.org/@polymer/iron-overlay-behavior/-/iron-overlay-behavior-0.0.3.tgz",
      "integrity": "sha1-TFy7uRuSQLtvgkBAzpf2F/Xud1Y=",
      "requires": {
        "@polymer/iron-fit-behavior": "0.0.3",
        "@polymer/iron-resizable-behavior": "0.0.3",
        "@polymer/polymer": "1.2.5-npm-test.2"
      }
    },
    "@polymer/iron-resizable-behavior": {
      "version": "0.0.3",
      "resolved": "https://registry.npmjs.org/@polymer/iron-resizable-behavior/-/iron-resizable-behavior-0.0.3.tgz",
      "integrity": "sha1-IFRw+EBwZUkJo2C1M7ZZmy2AY1Q=",
      "requires": {
        "@polymer/polymer": "1.2.5-npm-test.2"
      }
    },
    "@polymer/paper-toast": {
      "version": "0.0.3",
      "resolved": "https://registry.npmjs.org/@polymer/paper-toast/-/paper-toast-0.0.3.tgz",
      "integrity": "sha1-iNvLbyjNPc6dTshq58MaXkZmLvg=",
      "requires": {
        "@polymer/iron-a11y-announcer": "0.0.3",
        "@polymer/iron-overlay-behavior": "0.0.3",
        "@polymer/polymer": "1.2.5-npm-test.2"
      }
    },
    "@polymer/polymer": {
      "version": "1.2.5-npm-test.2",
      "resolved": "https://registry.npmjs.org/@polymer/polymer/-/polymer-1.2.5-npm-test.2.tgz",
      "integrity": "sha1-eTD1ZjwvaGkVRR0hHmY6qZl9czY=",
      "requires": {
        "webcomponents.js": "0.7.24"
      }
    },
    "webcomponents.js": {
      "version": "0.7.24",
      "resolved": "https://registry.npmjs.org/webcomponents.js/-/webcomponents.js-0.7.24.tgz",
      "integrity": "sha1-IRb7+hRo7EFqe+/aozPh0Rj2nAQ="
    }
  }
}
